{
  "nodes": {
    "brew-src": {
      "flake": false,
      "locked": {
        "lastModified": 1774235677,
        "narHash": "sha256-0ryNYmzDAeRlrzPTAgmzGH/Cgc8iv/LBN6jWGUANvIk=",
        "owner": "Homebrew",
        "repo": "brew",
        "rev": "894a3d23ac0c8aaf561b9874b528b9cb2e839201",
        "type": "github"
      },
      "original": {
        "owner": "Homebrew",
        "ref": "5.1.1",
        "repo": "brew",
        "type": "github"
      }
    },
    "crane": {
      "locked": {
        "lastModified": 1775839657,
        "narHash": "sha256-SPm9ck7jh3Un9nwPuMGbRU04UroFmOHjLP56T10MOeM=",
        "owner": "ipetkov",
        "repo": "crane",
        "rev": "7cf72d978629469c4bd4206b95c402514c1f6000",
        "type": "github"
      },
      "original": {
        "owner": "ipetkov",
        "repo": "crane",
        "type": "github"
      }
    },
    "flake-parts": {
      "inputs": {
        "nixpkgs-lib": "nixpkgs-lib"
      },
      "locked": {
        "lastModified": 1775087534,
        "narHash": "sha256-91qqW8lhL7TLwgQWijoGBbiD4t7/q75KTi8NxjVmSmA=",
        "owner": "hercules-ci",
        "repo": "flake-parts",
        "rev": "3107b77cd68437b9a76194f0f7f9c55f2329ca5b",
        "type": "github"
      },
      "original": {
        "owner": "hercules-ci",
        "repo": "flake-parts",
        "type": "github"
      }
    },
    "flake-utils": {
      "inputs": {
        "systems": "systems"
      },
      "locked": {
        "lastModified": 1731533236,
        "narHash": "sha256-l0KFg5HjrsfsO/JpG+r7fRrqm12kzFHyUHqHCVpMMbI=",
        "owner": "numtide",
        "repo": "flake-utils",
        "rev": "11707dc2f618dd54ca8739b309ec4fc024de578b",
        "type": "github"
      },
      "original": {
        "owner": "numtide",
        "repo": "flake-utils",
        "type": "github"
      }
    },
    "home-manager": {
      "inputs": {
        "nixpkgs": [
          "nixpkgs"
        ]
      },
      "locked": {
        "lastModified": 1776136611,
        "narHash": "sha256-b2pu3Pb28W0bJzQVP3OJHZC5+dgOOeqjlli2WVakKEU=",
        "owner": "nix-community",
        "repo": "home-manager",
        "rev": "8a423e444b17dde406097328604a64fc7429e34e",
        "type": "github"
      },
      "original": {
        "owner": "nix-community",
        "repo": "home-manager",
        "type": "github"
      }
    },
    "kak-lsp": {
      "flake": false,
      "locked": {
        "lastModified": 1765380691,
        "narHash": "sha256-MDGDc2xhQNfbczq/JT/hDd3ZPLRd9DVXdTg0VLQLNHk=",
        "owner": "kakoune-lsp",
        "repo": "kakoune-lsp",
        "rev": "b52919eb7d71b4dfdb4113a17c6af32c2d101efb",
        "type": "github"
      },
      "original": {
        "owner": "kakoune-lsp",
        "ref": "v19.0.1",
        "repo": "kakoune-lsp",
        "type": "github"
      }
    },
    "kakoune": {
      "flake": false,
      "locked": {
        "lastModified": 1775960649,
        "narHash": "sha256-m8q1+TooDREbQD848ciHxeHwMajmlmhAhCqGmdbThIU=",
        "owner": "mawww",
        "repo": "kakoune",
        "rev": "5a5bd5fe5ca1a24ad4519b94d633c6e893c9c1fc",
        "type": "github"
      },
      "original": {
        "owner": "mawww",
        "repo": "kakoune",
        "type": "github"
      }
    },
    "mtn-kakoune": {
      "inputs": {
        "flake-parts": [
          "flake-parts"
        ],
        "kak-lsp": "kak-lsp",
        "kakoune": "kakoune",
        "nixpkgs": [
          "nixpkgs"
        ]
      },
      "locked": {
        "lastModified": 1776164757,
        "narHash": "sha256-yYugSydfkMqf0+wWUzCZgInoB+5+x+QxVwHkukWW7BQ=",
        "owner": "minhtung0404",
        "repo": "kakoune-flake",
        "rev": "44f237e1dc63fb6b2d6017f3b7cb51189fcddcb5",
        "type": "github"
      },
      "original": {
        "owner": "minhtung0404",
        "repo": "kakoune-flake",
        "type": "github"
      }
    },
    "niri": {
      "inputs": {
        "niri-stable": "niri-stable",
        "niri-unstable": "niri-unstable",
        "nixpkgs": "nixpkgs",
        "nixpkgs-stable": "nixpkgs-stable",
        "xwayland-satellite-stable": "xwayland-satellite-stable",
        "xwayland-satellite-unstable": "xwayland-satellite-unstable"
      },
      "locked": {
        "lastModified": 1776154571,
        "narHash": "sha256-ui0v96pzemkAxzcrUnfsul+aFTKaVSqBdSx57BqoV0E=",
        "owner": "sodiboo",
        "repo": "niri-flake",
        "rev": "d48cefadf880406bc53c9fbdd1ab62369f341201",
        "type": "github"
      },
      "original": {
        "owner": "sodiboo",
        "repo": "niri-flake",
        "type": "github"
      }
    },
    "niri-stable": {
      "flake": false,
      "locked": {
        "lastModified": 1756556321,
        "narHash": "sha256-RLD89dfjN0RVO86C/Mot0T7aduCygPGaYbog566F0Qo=",
        "owner": "YaLTeR",
        "repo": "niri",
        "rev": "01be0e65f4eb91a9cd624ac0b76aaeab765c7294",
        "type": "github"
      },
      "original": {
        "owner": "YaLTeR",
        "ref": "v25.08",
        "repo": "niri",
        "type": "github"
      }
    },
    "niri-unstable": {
      "flake": false,
      "locked": {
        "lastModified": 1776150157,
        "narHash": "sha256-mlPY8xgVPfTDNZD6Kd5VJBsIXxOTbCkEakxofvKO39w=",
        "owner": "YaLTeR",
        "repo": "niri",
        "rev": "874e7fd70e443fecdd4620ce589f509ceb7d8f25",
        "type": "github"
      },
      "original": {
        "owner": "YaLTeR",
        "repo": "niri",
        "type": "github"
      }
    },
    "nix-darwin": {
      "inputs": {
        "nixpkgs": [
          "nixpkgs"
        ]
      },
      "locked": {
        "lastModified": 1775037210,
        "narHash": "sha256-KM2WYj6EA7M/FVZVCl3rqWY+TFV5QzSyyGE2gQxeODU=",
        "owner": "lnl7",
        "repo": "nix-darwin",
        "rev": "06648f4902343228ce2de79f291dd5a58ee12146",
        "type": "github"
      },
      "original": {
        "owner": "lnl7",
        "ref": "master",
        "repo": "nix-darwin",
        "type": "github"
      }
    },
    "nix-homebrew": {
      "inputs": {
        "brew-src": "brew-src"
      },
      "locked": {
        "lastModified": 1774720267,
        "narHash": "sha256-YYftFe8jyfpQI649yfr0E+dqEXE2jznZNcYvy/lKV1U=",
        "owner": "zhaofengli-wip",
        "repo": "nix-homebrew",
        "rev": "a7760a3a83f7609f742861afb5732210fdc437ed",
        "type": "github"
      },
      "original": {
        "owner": "zhaofengli-wip",
        "repo": "nix-homebrew",
        "type": "github"
      }
    },
    "nixpkgs": {
      "locked": {
        "lastModified": 1775710090,
        "narHash": "sha256-ar3rofg+awPB8QXDaFJhJ2jJhu+KqN/PRCXeyuXR76E=",
        "owner": "NixOS",
        "repo": "nixpkgs",
        "rev": "4c1018dae018162ec878d42fec712642d214fdfa",
        "type": "github"
      },
      "original": {
        "owner": "NixOS",
        "ref": "nixos-unstable",
        "repo": "nixpkgs",
        "type": "github"
      }
    },
    "nixpkgs-lib": {
      "locked": {
        "lastModified": 1774748309,
        "narHash": "sha256-+U7gF3qxzwD5TZuANzZPeJTZRHS29OFQgkQ2kiTJBIQ=",
        "owner": "nix-community",
        "repo": "nixpkgs.lib",
        "rev": "333c4e0545a6da976206c74db8773a1645b5870a",
        "type": "github"
      },
      "original": {
        "owner": "nix-community",
        "repo": "nixpkgs.lib",
        "type": "github"
      }
    },
    "nixpkgs-stable": {
      "locked": {
        "lastModified": 1776067740,
        "narHash": "sha256-B35lpsqnSZwn1Lmz06BpwF7atPgFmUgw1l8KAV3zpVQ=",
        "owner": "NixOS",
        "repo": "nixpkgs",
        "rev": "7e495b747b51f95ae15e74377c5ce1fe69c1765f",
        "type": "github"
      },
      "original": {
        "owner": "NixOS",
        "ref": "nixos-25.11",
        "repo": "nixpkgs",
        "type": "github"
      }
    },
    "nixpkgs_2": {
      "locked": {
        "lastModified": 1775888245,
        "narHash": "sha256-nwASzrRDD1JBEu/o8ekKYEXm/oJW6EMCzCRdrwcLe90=",
        "owner": "NixOS",
        "repo": "nixpkgs",
        "rev": "13043924aaa7375ce482ebe2494338e058282925",
        "type": "github"
      },
      "original": {
        "owner": "NixOS",
        "ref": "nixpkgs-unstable",
        "repo": "nixpkgs",
        "type": "github"
      }
    },
    "nur": {
      "inputs": {
        "flake-parts": [
          "flake-parts"
        ],
        "nixpkgs": [
          "nixpkgs"
        ]
      },
      "locked": {
        "lastModified": 1776163354,
        "narHash": "sha256-0SLpQWt9I1hFpBirIvsNuz1XdB8xg0VP+wPQb4xAdmE=",
        "owner": "nix-community",
        "repo": "NUR",
        "rev": "1adaf6c6ec2b34aa516155c4737ad1a14385df86",
        "type": "github"
      },
      "original": {
        "owner": "nix-community",
        "repo": "NUR",
        "type": "github"
      }
    },
    "root": {
      "inputs": {
        "crane": "crane",
        "flake-parts": "flake-parts",
        "flake-utils": "flake-utils",
        "home-manager": "home-manager",
        "mtn-kakoune": "mtn-kakoune",
        "niri": "niri",
        "nix-darwin": "nix-darwin",
        "nix-homebrew": "nix-homebrew",
        "nixpkgs": "nixpkgs_2",
        "nur": "nur",
        "sops-nix": "sops-nix",
        "zen-browser": "zen-browser"
      }
    },
    "sops-nix": {
      "inputs": {
        "nixpkgs": [
          "nixpkgs"
        ]
      },
      "locked": {
        "lastModified": 1776119890,
        "narHash": "sha256-Zm6bxLNnEOYuS/SzrAGsYuXSwk3cbkRQZY0fJnk8a5M=",
        "owner": "Mic92",
        "repo": "sops-nix",
        "rev": "d4971dd58c6627bfee52a1ad4237637c0a2fb0cd",
        "type": "github"
      },
      "original": {
        "owner": "Mic92",
        "repo": "sops-nix",
        "type": "github"
      }
    },
    "systems": {
      "locked": {
        "lastModified": 1681028828,
        "narHash": "sha256-Vy1rq5AaRuLzOxct8nz4T6wlgyUR7zLU309k9mBC768=",
        "owner": "nix-systems",
        "repo": "default",
        "rev": "da67096a3b9bf56a91d16901293e51ba5b49a27e",
        "type": "github"
      },
      "original": {
        "owner": "nix-systems",
        "repo": "default",
        "type": "github"
      }
    },
    "xwayland-satellite-stable": {
      "flake": false,
      "locked": {
        "lastModified": 1755491097,
        "narHash": "sha256-m+9tUfsmBeF2Gn4HWa6vSITZ4Gz1eA1F5Kh62B0N4oE=",
        "owner": "Supreeeme",
        "repo": "xwayland-satellite",
        "rev": "388d291e82ffbc73be18169d39470f340707edaa",
        "type": "github"
      },
      "original": {
        "owner": "Supreeeme",
        "ref": "v0.7",
        "repo": "xwayland-satellite",
        "type": "github"
      }
    },
    "xwayland-satellite-unstable": {
      "flake": false,
      "locked": {
        "lastModified": 1773622265,
        "narHash": "sha256-wToKwH7IgWdGLMSIWksEDs4eumR6UbbsuPQ42r0oTXQ=",
        "owner": "Supreeeme",
        "repo": "xwayland-satellite",
        "rev": "a879e5e0896a326adc79c474bf457b8b99011027",
        "type": "github"
      },
      "original": {
        "owner": "Supreeeme",
        "repo": "xwayland-satellite",
        "type": "github"
      }
    },
    "zen-browser": {
      "inputs": {
        "home-manager": [
          "home-manager"
        ],
        "nixpkgs": [
          "nixpkgs"
        ]
      },
      "locked": {
        "lastModified": 1776144279,
        "narHash": "sha256-eX3u6wJ34+qu7ZR1qWOaToGWmudYQSOEStZZm6goP+8=",
        "owner": "0xc000022070",
        "repo": "zen-browser-flake",
        "rev": "727de8a44c85e90f899c540cf3ffa0d5d3344f9c",
        "type": "github"
      },
      "original": {
        "owner": "0xc000022070",
        "repo": "zen-browser-flake",
        "type": "github"
      }
    }
  },
  "root": "root",
  "version": 7
}
